<?xml version="1.0" encoding="utf-8"?>
<Project ToolsVersion="4.0" xmlns="http://schemas.microsoft.com/developer/msbuild/2003">
  <ItemGroup>
    <ClInclude Include="qLoadScene.h">
      <Filter>Scenes</Filter>
    </ClInclude>
    <ClInclude Include="qPlayScene.h">
      <Filter>Scenes</Filter>
    </ClInclude>
    <ClInclude Include="qTitleScene.h">
      <Filter>Scenes</Filter>
    </ClInclude>
    <ClInclude Include="qEndScene.h">
      <Filter>Scenes</Filter>
    </ClInclude>
    <ClInclude Include="qLoadResources.h" />
    <ClInclude Include="qIntroScene.h">
      <Filter>Scenes</Filter>
    </ClInclude>
    <ClInclude Include="qStage.h">
      <Filter>Contents\Map</Filter>
    </ClInclude>
    <ClInclude Include="qBackGround.h">
      <Filter>Contents\Map</Filter>
    </ClInclude>
    <ClInclude Include="qWindObject.h">
      <Filter>Contents\Effect</Filter>
    </ClInclude>
    <ClInclude Include="qDashObject.h">
      <Filter>Contents\Effect</Filter>
    </ClInclude>
    <ClInclude Include="qDashObjectScript.h">
      <Filter>Scripts\Effect</Filter>
    </ClInclude>
    <ClInclude Include="qWindObjectScript.h">
      <Filter>Scripts\Effect</Filter>
    </ClInclude>
    <ClInclude Include="qPlayerScript.h">
      <Filter>Scripts\Kirby</Filter>
    </ClInclude>
    <ClInclude Include="qIceKirbyScript.h">
      <Filter>Scripts\Kirby</Filter>
    </ClInclude>
    <ClInclude Include="qWaddleDeeScript.h">
      <Filter>Scripts\Moster</Filter>
    </ClInclude>
    <ClInclude Include="qKirby.h">
      <Filter>Contents\Kirby</Filter>
    </ClInclude>
    <ClInclude Include="qIceKirby.h">
      <Filter>Contents\Kirby</Filter>
    </ClInclude>
    <ClInclude Include="qMonster.h">
      <Filter>Contents\Monster</Filter>
    </ClInclude>
    <ClInclude Include="qKirbyTypeManager.h">
      <Filter>Contents</Filter>
    </ClInclude>
    <ClInclude Include="qPlayScene2.h">
      <Filter>Scenes</Filter>
    </ClInclude>
    <ClInclude Include="qIceObject.h">
      <Filter>Contents\Effect</Filter>
    </ClInclude>
    <ClInclude Include="qIceObjectScript.h">
      <Filter>Scripts\Effect</Filter>
    </ClInclude>
    <ClInclude Include="qSparkKirby.h">
      <Filter>Contents\Kirby</Filter>
    </ClInclude>
  </ItemGroup>
  <ItemGroup>
    <ClCompile Include="qPlayScene.cpp">
      <Filter>Scenes</Filter>
    </ClCompile>
    <ClCompile Include="qTitleScene.cpp">
      <Filter>Scenes</Filter>
    </ClCompile>
    <ClCompile Include="qEndScene.cpp">
      <Filter>Scenes</Filter>
    </ClCompile>
    <ClCompile Include="qIntroScene.cpp">
      <Filter>Scenes</Filter>
    </ClCompile>
    <ClCompile Include="qStage.cpp">
      <Filter>Contents\Map</Filter>
    </ClCompile>
    <ClCompile Include="qBackGround.cpp">
      <Filter>Contents\Map</Filter>
    </ClCompile>
    <ClCompile Include="qWindObject.cpp">
      <Filter>Contents\Effect</Filter>
    </ClCompile>
    <ClCompile Include="qDashObject.cpp">
      <Filter>Contents\Effect</Filter>
    </ClCompile>
    <ClCompile Include="qDashObjectScript.cpp">
      <Filter>Scripts\Effect</Filter>
    </ClCompile>
    <ClCompile Include="qWindObjectScript.cpp">
      <Filter>Scripts\Effect</Filter>
    </ClCompile>
    <ClCompile Include="qIceKirbyScript.cpp">
      <Filter>Scripts\Kirby</Filter>
    </ClCompile>
    <ClCompile Include="qPlayerScript.cpp">
      <Filter>Scripts\Kirby</Filter>
    </ClCompile>
    <ClCompile Include="qWaddleDeeScript.cpp">
      <Filter>Scripts\Moster</Filter>
    </ClCompile>
    <ClCompile Include="qKirby.cpp">
      <Filter>Contents\Kirby</Filter>
    </ClCompile>
    <ClCompile Include="qIceKirby.cpp">
      <Filter>Contents\Kirby</Filter>
    </ClCompile>
    <ClCompile Include="qMonster.cpp">
      <Filter>Contents\Monster</Filter>
    </ClCompile>
    <ClCompile Include="qKirbyTypeManager.cpp">
      <Filter>Contents</Filter>
    </ClCompile>
    <ClCompile Include="qPlayScene2.cpp">
      <Filter>Scenes</Filter>
    </ClCompile>
    <ClCompile Include="qIceObject.cpp">
      <Filter>Contents\Effect</Filter>
    </ClCompile>
    <ClCompile Include="qIceObjectScript.cpp">
      <Filter>Scripts\Effect</Filter>
    </ClCompile>
    <ClCompile Include="qSparkKirby.cpp">
      <Filter>Contents\Kirby</Filter>
    </ClCompile>
  </ItemGroup>
  <ItemGroup>
    <Filter Include="Scenes">
      <UniqueIdentifier>{04ee3d9f-b291-47da-b065-b99f86b0458c}</UniqueIdentifier>
    </Filter>
    <Filter Include="Contents">
      <UniqueIdentifier>{9f4c2bf3-00b5-4122-ae9f-1c0c8fd35fc8}</UniqueIdentifier>
    </Filter>
    <Filter Include="Scripts">
      <UniqueIdentifier>{d5d4d1fc-6498-44f3-a8a7-618c3c17df52}</UniqueIdentifier>
    </Filter>
    <Filter Include="Contents\Map">
      <UniqueIdentifier>{de43464b-5b38-4ba3-ac50-dcba10817784}</UniqueIdentifier>
    </Filter>
    <Filter Include="Contents\Effect">
      <UniqueIdentifier>{668f6177-c0f6-4523-b3c4-3293b1648b09}</UniqueIdentifier>
    </Filter>
    <Filter Include="Scripts\Kirby">
      <UniqueIdentifier>{782a669f-53bb-43c6-8f12-6f675bb0475d}</UniqueIdentifier>
    </Filter>
    <Filter Include="Scripts\Moster">
      <UniqueIdentifier>{3ff8789b-8e54-4c98-8bfb-402dda5786a3}</UniqueIdentifier>
    </Filter>
    <Filter Include="Scripts\Effect">
      <UniqueIdentifier>{4a5f641e-4fc4-44d9-8134-847268207c38}</UniqueIdentifier>
    </Filter>
    <Filter Include="Contents\Kirby">
      <UniqueIdentifier>{a4c33e00-4a1b-44ec-a61d-d56b667310f0}</UniqueIdentifier>
    </Filter>
    <Filter Include="Contents\Monster">
      <UniqueIdentifier>{73b276c1-1497-4fb7-b37a-2c95ff9c769e}</UniqueIdentifier>
    </Filter>
  </ItemGroup>
</Project>