<?xml version="1.0" encoding="utf-8"?>
<Project ToolsVersion="4.0" xmlns="http://schemas.microsoft.com/developer/msbuild/2003">
  <ItemGroup>
    <ClCompile Include="$(MSBuildThisFileDirectory)Application.cpp">
      <Filter>Application</Filter>
    </ClCompile>
    <ClCompile Include="$(MSBuildThisFileDirectory)qEntity.cpp" />
    <ClCompile Include="$(MSBuildThisFileDirectory)qComponent.cpp" />
    <ClCompile Include="$(MSBuildThisFileDirectory)qGameObject.cpp" />
    <ClCompile Include="$(MSBuildThisFileDirectory)qTime.cpp" />
    <ClCompile Include="$(MSBuildThisFileDirectory)qSceneManager.cpp" />
    <ClCompile Include="$(MSBuildThisFileDirectory)qScene.cpp" />
    <ClCompile Include="$(MSBuildThisFileDirectory)qInput.cpp" />
    <ClCompile Include="$(MSBuildThisFileDirectory)GameObject_player01.cpp">
      <Filter>etc</Filter>
    </ClCompile>
    <ClCompile Include="$(MSBuildThisFileDirectory)qShoot.cpp">
      <Filter>etc</Filter>
    </ClCompile>
    <ClCompile Include="$(MSBuildThisFileDirectory)GameObject_monster01.cpp">
      <Filter>etc</Filter>
    </ClCompile>
    <ClCompile Include="$(MSBuildThisFileDirectory)qTransform.cpp" />
    <ClCompile Include="$(MSBuildThisFileDirectory)qSpriteRenderer.cpp" />
    <ClCompile Include="$(MSBuildThisFileDirectory)qMath.cpp" />
    <ClCompile Include="$(MSBuildThisFileDirectory)qResouce.cpp" />
    <ClCompile Include="$(MSBuildThisFileDirectory)qResources.cpp" />
  </ItemGroup>
  <ItemGroup>
    <ClInclude Include="$(MSBuildThisFileDirectory)CommonInclude.h" />
    <ClInclude Include="$(MSBuildThisFileDirectory)Application.h">
      <Filter>Application</Filter>
    </ClInclude>
    <ClInclude Include="$(MSBuildThisFileDirectory)qEntity.h" />
    <ClInclude Include="$(MSBuildThisFileDirectory)qComponent.h" />
    <ClInclude Include="$(MSBuildThisFileDirectory)qGameObject.h" />
    <ClInclude Include="$(MSBuildThisFileDirectory)qTime.h" />
    <ClInclude Include="$(MSBuildThisFileDirectory)qSceneManager.h" />
    <ClInclude Include="$(MSBuildThisFileDirectory)qScene.h" />
    <ClInclude Include="$(MSBuildThisFileDirectory)qInput.h" />
    <ClInclude Include="$(MSBuildThisFileDirectory)qShoot.h">
      <Filter>etc</Filter>
    </ClInclude>
    <ClInclude Include="$(MSBuildThisFileDirectory)GameObject_player01.h">
      <Filter>etc</Filter>
    </ClInclude>
    <ClInclude Include="$(MSBuildThisFileDirectory)GameObject_monster01.h">
      <Filter>etc</Filter>
    </ClInclude>
    <ClInclude Include="$(MSBuildThisFileDirectory)qTransform.h" />
    <ClInclude Include="$(MSBuildThisFileDirectory)qSpriteRenderer.h" />
    <ClInclude Include="$(MSBuildThisFileDirectory)qMath.h" />
    <ClInclude Include="$(MSBuildThisFileDirectory)qResouce.h" />
    <ClInclude Include="$(MSBuildThisFileDirectory)qResources.h" />
  </ItemGroup>
  <ItemGroup>
    <Filter Include="Application">
      <UniqueIdentifier>{caf57dec-37ae-49d4-84f5-3c4d29950cc1}</UniqueIdentifier>
    </Filter>
    <Filter Include="etc">
      <UniqueIdentifier>{6fe3bcaf-b98e-4a97-99c4-276a514c25e1}</UniqueIdentifier>
    </Filter>
  </ItemGroup>
</Project>